
Microsoft Visual Studio Solution File, Format Version 12.00
# Visual Studio 15
VisualStudioVersion = 15.0.26430.16
MinimumVisualStudioVersion = 10.0.40219.1
Project("{9A19103F-16F7-4668-BE54-9A1E7A4F7556}") = "A", "A\A.csproj", "{3A36957A-12A3-4481-92EF-C25CA6D9A983}"
EndProject
Project("{9A19103F-16F7-4668-BE54-9A1E7A4F7556}") = "B", "B\B.csproj", "{828BEEAE-C7E4-4078-A872-2807CF75606A}"
EndProject
Project("{FAE04EC0-301F-11D3-BF4B-00C04F79EFBC}") = "C", "C\C.csproj", "{C29E12DF-045A-486E-9384-2D820BDDD3EB}"
EndProject
Global
	GlobalSection(SolutionConfigurationPlatforms) = preSolution
		Debug|Any CPU = Debug|Any CPU
		Release|Any CPU = Release|Any CPU
	EndGlobalSection
	GlobalSection(ProjectConfigurationPlatforms) = postSolution
		{3A36957A-12A3-4481-92EF-C25CA6D9A983}.Debug|Any CPU.ActiveCfg = Debug|Any CPU
		{3A36957A-12A3-4481-92EF-C25CA6D9A983}.Debug|Any CPU.Build.0 = Debug|Any CPU
		{3A36957A-12A3-4481-92EF-C25CA6D9A983}.Release|Any CPU.ActiveCfg = Release|Any CPU
		{3A36957A-12A3-4481-92EF-C25CA6D9A983}.Release|Any CPU.Build.0 = Release|Any CPU
		{828BEEAE-C7E4-4078-A872-2807CF75606A}.Debug|Any CPU.ActiveCfg = Debug|Any CPU
		{828BEEAE-C7E4-4078-A872-2807CF75606A}.Debug|Any CPU.Build.0 = Debug|Any CPU
		{828BEEAE-C7E4-4078-A872-2807CF75606A}.Release|Any CPU.ActiveCfg = Release|Any CPU
		{828BEEAE-C7E4-4078-A872-2807CF75606A}.Release|Any CPU.Build.0 = Release|Any CPU
		{C29E12DF-045A-486E-9384-2D820BDDD3EB}.Debug|Any CPU.ActiveCfg = Debug|Any CPU
		{C29E12DF-045A-486E-9384-2D820BDDD3EB}.Debug|Any CPU.Build.0 = Debug|Any CPU
		{C29E12DF-045A-486E-9384-2D820BDDD3EB}.Release|Any CPU.ActiveCfg = Release|Any CPU
		{C29E12DF-045A-486E-9384-2D820BDDD3EB}.Release|Any CPU.Build.0 = Release|Any CPU
	EndGlobalSection
	GlobalSection(SolutionProperties) = preSolution
		HideSolutionNode = FALSE
	EndGlobalSection
EndGlobal
